{
  "object": {
    "pins": [
      {
        "package": "IsValid",
        "repositoryURL": "https://github.com/mannberg/IsValid",
        "state": {
          "branch": null,
          "revision": "f3fab23b452367815ae9a4a541047c6821911eed",
          "version": "1.0.2"
        }
      },
      {
        "package": "scrap-data-models",
        "repositoryURL": "https://github.com/mannberg/scrap-data-models",
        "state": {
          "branch": null,
          "revision": "65036b920cec98d85d359856c827417305a6d61c",
          "version": "1.0.0"
        }
      }
    ]
  },
  "version": 1
}
