{
  "object": {
    "pins": [
      {
        "package": "IsValid",
        "repositoryURL": "https://github.com/mannberg/IsValid",
        "state": {
          "branch": null,
          "revision": "f3fab23b452367815ae9a4a541047c6821911eed",
          "version": "1.0.2"
        }
      },
      {
        "package": "scrap-client-api",
        "repositoryURL": "/Users/aje/code/github/scrap-client-api",
        "state": {
          "branch": "main",
          "revision": "5d6d6b9c8cb13036cf60c90574a37f4ddd3007d9",
          "version": null
        }
      },
      {
        "package": "scrap-data-models",
        "repositoryURL": "https://github.com/mannberg/scrap-data-models",
        "state": {
          "branch": null,
          "revision": "3fcf54ac430fc4a3c20fb50c0cb31a269b9ccdd9",
          "version": "1.0.0"
        }
      }
    ]
  },
  "version": 1
}
